
Microsoft Visual Studio Solution File, Format Version 12.00
# Visual Studio 15
VisualStudioVersion = 15.0.27130.2036
MinimumVisualStudioVersion = 10.0.40219.1
Project("{9A19103F-16F7-4668-BE54-9A1E7A4F7556}") = "Nethereum.Worbooks.Tests", "Nethereum.Worbooks.Tests\Nethereum.Worbooks.Tests.csproj", "{6F310CD8-43DB-4852-969D-15026AC26CF4}"
EndProject
Project("{FAE04EC0-301F-11D3-BF4B-00C04F79EFBC}") = "Updater", "Updater\Updater.csproj", "{295170E2-779C-4BC6-B219-2BBCA51790A8}"
EndProject
Project("{9A19103F-16F7-4668-BE54-9A1E7A4F7556}") = "Nethereum.XUnitEthereumClients", "..\..\Nethereum\src\Nethereum.XUnitEthereumClients\Nethereum.XUnitEthereumClients.csproj", "{098F56FB-17B5-41A2-89CB-48D750DE6671}"
EndProject
Project("{9A19103F-16F7-4668-BE54-9A1E7A4F7556}") = "Nethereum.Web3", "..\..\Nethereum\src\Nethereum.Web3\Nethereum.Web3.csproj", "{5AA555C3-BF2B-4FD6-9A3E-1662B5CE0825}"
EndProject
Global
	GlobalSection(SolutionConfigurationPlatforms) = preSolution
		Debug|Any CPU = Debug|Any CPU
		Release|Any CPU = Release|Any CPU
	EndGlobalSection
	GlobalSection(ProjectConfigurationPlatforms) = postSolution
		{6F310CD8-43DB-4852-969D-15026AC26CF4}.Debug|Any CPU.ActiveCfg = Debug|Any CPU
		{6F310CD8-43DB-4852-969D-15026AC26CF4}.Debug|Any CPU.Build.0 = Debug|Any CPU
		{6F310CD8-43DB-4852-969D-15026AC26CF4}.Release|Any CPU.ActiveCfg = Release|Any CPU
		{6F310CD8-43DB-4852-969D-15026AC26CF4}.Release|Any CPU.Build.0 = Release|Any CPU
		{295170E2-779C-4BC6-B219-2BBCA51790A8}.Debug|Any CPU.ActiveCfg = Debug|Any CPU
		{295170E2-779C-4BC6-B219-2BBCA51790A8}.Debug|Any CPU.Build.0 = Debug|Any CPU
		{295170E2-779C-4BC6-B219-2BBCA51790A8}.Release|Any CPU.ActiveCfg = Release|Any CPU
		{295170E2-779C-4BC6-B219-2BBCA51790A8}.Release|Any CPU.Build.0 = Release|Any CPU
		{098F56FB-17B5-41A2-89CB-48D750DE6671}.Debug|Any CPU.ActiveCfg = Debug|Any CPU
		{098F56FB-17B5-41A2-89CB-48D750DE6671}.Debug|Any CPU.Build.0 = Debug|Any CPU
		{098F56FB-17B5-41A2-89CB-48D750DE6671}.Release|Any CPU.ActiveCfg = Release|Any CPU
		{098F56FB-17B5-41A2-89CB-48D750DE6671}.Release|Any CPU.Build.0 = Release|Any CPU
		{5AA555C3-BF2B-4FD6-9A3E-1662B5CE0825}.Debug|Any CPU.ActiveCfg = Debug|Any CPU
		{5AA555C3-BF2B-4FD6-9A3E-1662B5CE0825}.Debug|Any CPU.Build.0 = Debug|Any CPU
		{5AA555C3-BF2B-4FD6-9A3E-1662B5CE0825}.Release|Any CPU.ActiveCfg = Release|Any CPU
		{5AA555C3-BF2B-4FD6-9A3E-1662B5CE0825}.Release|Any CPU.Build.0 = Release|Any CPU
	EndGlobalSection
	GlobalSection(SolutionProperties) = preSolution
		HideSolutionNode = FALSE
	EndGlobalSection
	GlobalSection(ExtensibilityGlobals) = postSolution
		SolutionGuid = {98CCAD71-003E-42E7-98A5-D2406671DDF0}
	EndGlobalSection
EndGlobal
